
Microsoft Visual Studio Solution File, Format Version 12.00
# Visual Studio 15
VisualStudioVersion = 15.0.28307.329
MinimumVisualStudioVersion = 10.0.40219.1
Project("{FAE04EC0-301F-11D3-BF4B-00C04F79EFBC}") = "yy.nuget.server", "yy.nuget.server\yy.nuget.server.csproj", "{EE9561D1-0D7B-4171-98A4-758423FC986B}"
EndProject
Global
	GlobalSection(SolutionConfigurationPlatforms) = preSolution
		Debug|Any CPU = Debug|Any CPU
		Release|Any CPU = Release|Any CPU
	EndGlobalSection
	GlobalSection(ProjectConfigurationPlatforms) = postSolution
		{EE9561D1-0D7B-4171-98A4-758423FC986B}.Debug|Any CPU.ActiveCfg = Debug|Any CPU
		{EE9561D1-0D7B-4171-98A4-758423FC986B}.Debug|Any CPU.Build.0 = Debug|Any CPU
		{EE9561D1-0D7B-4171-98A4-758423FC986B}.Release|Any CPU.ActiveCfg = Release|Any CPU
		{EE9561D1-0D7B-4171-98A4-758423FC986B}.Release|Any CPU.Build.0 = Release|Any CPU
	EndGlobalSection
	GlobalSection(SolutionProperties) = preSolution
		HideSolutionNode = FALSE
	EndGlobalSection
	GlobalSection(ExtensibilityGlobals) = postSolution
		SolutionGuid = {73B28C86-6166-41CC-943E-48919BDEA57F}
	EndGlobalSection
EndGlobal
